
Microsoft Visual Studio Solution File, Format Version 12.00
# Visual Studio Version 17
VisualStudioVersion = 17.8.34525.116
MinimumVisualStudioVersion = 10.0.40219.1
Project("{9A19103F-16F7-4668-BE54-9A1E7A4F7556}") = "CV", "CV\CV.csproj", "{65885BCD-C0AF-4992-B561-4590B85ADE07}"
EndProject
Project("{9A19103F-16F7-4668-BE54-9A1E7A4F7556}") = "CV.API", "CV.API\CV.API.csproj", "{4D207CC8-6F12-4EC9-BB76-49440F375F8E}"
EndProject
Global
	GlobalSection(SolutionConfigurationPlatforms) = preSolution
		Debug|Any CPU = Debug|Any CPU
		Release|Any CPU = Release|Any CPU
	EndGlobalSection
	GlobalSection(ProjectConfigurationPlatforms) = postSolution
		{65885BCD-C0AF-4992-B561-4590B85ADE07}.Debug|Any CPU.ActiveCfg = Debug|Any CPU
		{65885BCD-C0AF-4992-B561-4590B85ADE07}.Debug|Any CPU.Build.0 = Debug|Any CPU
		{65885BCD-C0AF-4992-B561-4590B85ADE07}.Release|Any CPU.ActiveCfg = Release|Any CPU
		{65885BCD-C0AF-4992-B561-4590B85ADE07}.Release|Any CPU.Build.0 = Release|Any CPU
		{4D207CC8-6F12-4EC9-BB76-49440F375F8E}.Debug|Any CPU.ActiveCfg = Debug|Any CPU
		{4D207CC8-6F12-4EC9-BB76-49440F375F8E}.Debug|Any CPU.Build.0 = Debug|Any CPU
		{4D207CC8-6F12-4EC9-BB76-49440F375F8E}.Release|Any CPU.ActiveCfg = Release|Any CPU
		{4D207CC8-6F12-4EC9-BB76-49440F375F8E}.Release|Any CPU.Build.0 = Release|Any CPU
	EndGlobalSection
	GlobalSection(SolutionProperties) = preSolution
		HideSolutionNode = FALSE
	EndGlobalSection
	GlobalSection(ExtensibilityGlobals) = postSolution
		SolutionGuid = {192746AB-E31B-4DA1-A567-CFA1AC88C5E9}
	EndGlobalSection
EndGlobal
